
Microsoft Visual Studio Solution File, Format Version 12.00
# Visual Studio 14
VisualStudioVersion = 14.0.25420.1
MinimumVisualStudioVersion = 10.0.40219.1
Project("{2150E333-8FDC-42A3-9474-1A3956D46DE8}") = "Lib", "Lib", "{CE90A517-8C10-46D6-83BB-2A794AB98E22}"
EndProject
Project("{2150E333-8FDC-42A3-9474-1A3956D46DE8}") = "Tests", "Tests", "{AF07D4F3-5F8C-4620-AEF6-41D2615512B7}"
EndProject
Project("{2150E333-8FDC-42A3-9474-1A3956D46DE8}") = "Clients", "Clients", "{C7D816B5-7CBB-4454-98E6-39A82A481DD3}"
EndProject
Project("{FAE04EC0-301F-11D3-BF4B-00C04F79EFBC}") = "WhenItsDone.Data", "Lib\WhenItsDone.Data\WhenItsDone.Data.csproj", "{D3085631-83D5-4525-B69C-DFDC47BC7F9B}"
EndProject
Project("{FAE04EC0-301F-11D3-BF4B-00C04F79EFBC}") = "WhenItsDone.Services", "Lib\WhenItsDone.Services\WhenItsDone.Services.csproj", "{5C51DB50-52FB-4B9C-8B16-B3B104FFA090}"
EndProject
Project("{FAE04EC0-301F-11D3-BF4B-00C04F79EFBC}") = "WhenItsDone.Models", "Lib\WhenItsDone.Models\WhenItsDone.Models.csproj", "{E10CC5A1-7DD9-4F43-8798-AA58882CAF6F}"
EndProject
Project("{FAE04EC0-301F-11D3-BF4B-00C04F79EFBC}") = "WhenItsDone.MVP", "Lib\WhenItsDone.MVP\WhenItsDone.MVP.csproj", "{57206541-C1EC-442F-8C9F-FE4F76944BFF}"
EndProject
Project("{FAE04EC0-301F-11D3-BF4B-00C04F79EFBC}") = "WhenItsDone.Common", "Lib\WhenItsDone.Common\WhenItsDone.Common.csproj", "{42E362E0-9E6C-4867-88AA-CF2CC00FE1F8}"
EndProject
Project("{FAE04EC0-301F-11D3-BF4B-00C04F79EFBC}") = "WhenItsDone.WebFormsClient", "Clients\WhenItsDone.WebFormsClient\WhenItsDone.WebFormsClient.csproj", "{B3928D3D-DEA0-4F4B-A4C8-C582A7467E6B}"
EndProject
Project("{2150E333-8FDC-42A3-9474-1A3956D46DE8}") = "ClientsTests", "ClientsTests", "{B0E1F3E7-7A8D-4EE4-8DDC-9DDC0132B1FA}"
EndProject
Project("{FAE04EC0-301F-11D3-BF4B-00C04F79EFBC}") = "WhenItsDone.WebFormsClient.Tests", "Tests\ClientsTests\WhenItsDone.WebFormsClient.Tests\WhenItsDone.WebFormsClient.Tests.csproj", "{52AE096D-C7A2-4268-9865-01FC89256AE3}"
EndProject
Project("{2150E333-8FDC-42A3-9474-1A3956D46DE8}") = "LibTests", "LibTests", "{62DB6C31-590A-4D2C-BCA1-E4759872FF75}"
EndProject
Project("{FAE04EC0-301F-11D3-BF4B-00C04F79EFBC}") = "WhenItsDone.Common.Tests", "Tests\LibTests\WhenItsDone.Common.Tests\WhenItsDone.Common.Tests.csproj", "{D11EA87E-41C7-4E46-AADB-D02E5D875F42}"
EndProject
Project("{FAE04EC0-301F-11D3-BF4B-00C04F79EFBC}") = "WhenItsDone.Data.Tests", "Tests\LibTests\WhenItsDone.Data.Tests\WhenItsDone.Data.Tests.csproj", "{896DFE4E-96EC-44C0-8B05-4ED2A460F725}"
EndProject
Project("{FAE04EC0-301F-11D3-BF4B-00C04F79EFBC}") = "WhenItsDone.Models.Tests", "Tests\LibTests\WhenItsDone.Models.Tests\WhenItsDone.Models.Tests.csproj", "{88EDC90C-ABCE-49CA-BAA7-BC2D5E5DD15F}"
EndProject
Project("{FAE04EC0-301F-11D3-BF4B-00C04F79EFBC}") = "WhenItsDone.MVP.Tests", "Tests\LibTests\WhenItsDone.MVP.Tests\WhenItsDone.MVP.Tests.csproj", "{DA1F42BA-2A1A-4CDA-A683-B2DFEF6934A7}"
EndProject
Project("{FAE04EC0-301F-11D3-BF4B-00C04F79EFBC}") = "WhenItsDone.Services.Tests", "Tests\LibTests\WhenItsDone.Services.Tests\WhenItsDone.Services.Tests.csproj", "{9053D772-D983-4B8C-B585-697BD5AE3023}"
EndProject
Project("{FAE04EC0-301F-11D3-BF4B-00C04F79EFBC}") = "WhenItsDone.ConsoleClient", "Clients\WhenItsDone.ConsoleClient\WhenItsDone.ConsoleClient.csproj", "{3E36D44F-6D8D-4A23-9C27-947A497E8DF6}"
EndProject
Project("{2150E333-8FDC-42A3-9474-1A3956D46DE8}") = "CoverallsDependencies", "CoverallsDependencies", "{BAAEC146-8EF6-415B-945E-E4ECD6C848FD}"
EndProject
Project("{FAE04EC0-301F-11D3-BF4B-00C04F79EFBC}") = "CoverallsDependencies", "Tests\CoverallsDependencies\CoverallsDependencies\CoverallsDependencies.csproj", "{A319B8E4-ACCC-48B5-B7B7-0B1EB4B91496}"
EndProject
Global
	GlobalSection(SolutionConfigurationPlatforms) = preSolution
		Debug|Any CPU = Debug|Any CPU
		Release|Any CPU = Release|Any CPU
	EndGlobalSection
	GlobalSection(ProjectConfigurationPlatforms) = postSolution
		{D3085631-83D5-4525-B69C-DFDC47BC7F9B}.Debug|Any CPU.ActiveCfg = Debug|Any CPU
		{D3085631-83D5-4525-B69C-DFDC47BC7F9B}.Debug|Any CPU.Build.0 = Debug|Any CPU
		{D3085631-83D5-4525-B69C-DFDC47BC7F9B}.Release|Any CPU.ActiveCfg = Release|Any CPU
		{D3085631-83D5-4525-B69C-DFDC47BC7F9B}.Release|Any CPU.Build.0 = Release|Any CPU
		{5C51DB50-52FB-4B9C-8B16-B3B104FFA090}.Debug|Any CPU.ActiveCfg = Debug|Any CPU
		{5C51DB50-52FB-4B9C-8B16-B3B104FFA090}.Debug|Any CPU.Build.0 = Debug|Any CPU
		{5C51DB50-52FB-4B9C-8B16-B3B104FFA090}.Release|Any CPU.ActiveCfg = Release|Any CPU
		{5C51DB50-52FB-4B9C-8B16-B3B104FFA090}.Release|Any CPU.Build.0 = Release|Any CPU
		{E10CC5A1-7DD9-4F43-8798-AA58882CAF6F}.Debug|Any CPU.ActiveCfg = Debug|Any CPU
		{E10CC5A1-7DD9-4F43-8798-AA58882CAF6F}.Debug|Any CPU.Build.0 = Debug|Any CPU
		{E10CC5A1-7DD9-4F43-8798-AA58882CAF6F}.Release|Any CPU.ActiveCfg = Release|Any CPU
		{E10CC5A1-7DD9-4F43-8798-AA58882CAF6F}.Release|Any CPU.Build.0 = Release|Any CPU
		{57206541-C1EC-442F-8C9F-FE4F76944BFF}.Debug|Any CPU.ActiveCfg = Debug|Any CPU
		{57206541-C1EC-442F-8C9F-FE4F76944BFF}.Debug|Any CPU.Build.0 = Debug|Any CPU
		{57206541-C1EC-442F-8C9F-FE4F76944BFF}.Release|Any CPU.ActiveCfg = Release|Any CPU
		{57206541-C1EC-442F-8C9F-FE4F76944BFF}.Release|Any CPU.Build.0 = Release|Any CPU
		{42E362E0-9E6C-4867-88AA-CF2CC00FE1F8}.Debug|Any CPU.ActiveCfg = Debug|Any CPU
		{42E362E0-9E6C-4867-88AA-CF2CC00FE1F8}.Debug|Any CPU.Build.0 = Debug|Any CPU
		{42E362E0-9E6C-4867-88AA-CF2CC00FE1F8}.Release|Any CPU.ActiveCfg = Release|Any CPU
		{42E362E0-9E6C-4867-88AA-CF2CC00FE1F8}.Release|Any CPU.Build.0 = Release|Any CPU
		{B3928D3D-DEA0-4F4B-A4C8-C582A7467E6B}.Debug|Any CPU.ActiveCfg = Debug|Any CPU
		{B3928D3D-DEA0-4F4B-A4C8-C582A7467E6B}.Debug|Any CPU.Build.0 = Debug|Any CPU
		{B3928D3D-DEA0-4F4B-A4C8-C582A7467E6B}.Release|Any CPU.ActiveCfg = Release|Any CPU
		{B3928D3D-DEA0-4F4B-A4C8-C582A7467E6B}.Release|Any CPU.Build.0 = Release|Any CPU
		{52AE096D-C7A2-4268-9865-01FC89256AE3}.Debug|Any CPU.ActiveCfg = Debug|Any CPU
		{52AE096D-C7A2-4268-9865-01FC89256AE3}.Debug|Any CPU.Build.0 = Debug|Any CPU
		{52AE096D-C7A2-4268-9865-01FC89256AE3}.Release|Any CPU.ActiveCfg = Release|Any CPU
		{52AE096D-C7A2-4268-9865-01FC89256AE3}.Release|Any CPU.Build.0 = Release|Any CPU
		{D11EA87E-41C7-4E46-AADB-D02E5D875F42}.Debug|Any CPU.ActiveCfg = Debug|Any CPU
		{D11EA87E-41C7-4E46-AADB-D02E5D875F42}.Debug|Any CPU.Build.0 = Debug|Any CPU
		{D11EA87E-41C7-4E46-AADB-D02E5D875F42}.Release|Any CPU.ActiveCfg = Release|Any CPU
		{D11EA87E-41C7-4E46-AADB-D02E5D875F42}.Release|Any CPU.Build.0 = Release|Any CPU
		{896DFE4E-96EC-44C0-8B05-4ED2A460F725}.Debug|Any CPU.ActiveCfg = Debug|Any CPU
		{896DFE4E-96EC-44C0-8B05-4ED2A460F725}.Debug|Any CPU.Build.0 = Debug|Any CPU
		{896DFE4E-96EC-44C0-8B05-4ED2A460F725}.Release|Any CPU.ActiveCfg = Release|Any CPU
		{896DFE4E-96EC-44C0-8B05-4ED2A460F725}.Release|Any CPU.Build.0 = Release|Any CPU
		{88EDC90C-ABCE-49CA-BAA7-BC2D5E5DD15F}.Debug|Any CPU.ActiveCfg = Debug|Any CPU
		{88EDC90C-ABCE-49CA-BAA7-BC2D5E5DD15F}.Debug|Any CPU.Build.0 = Debug|Any CPU
		{88EDC90C-ABCE-49CA-BAA7-BC2D5E5DD15F}.Release|Any CPU.ActiveCfg = Release|Any CPU
		{88EDC90C-ABCE-49CA-BAA7-BC2D5E5DD15F}.Release|Any CPU.Build.0 = Release|Any CPU
		{DA1F42BA-2A1A-4CDA-A683-B2DFEF6934A7}.Debug|Any CPU.ActiveCfg = Debug|Any CPU
		{DA1F42BA-2A1A-4CDA-A683-B2DFEF6934A7}.Debug|Any CPU.Build.0 = Debug|Any CPU
		{DA1F42BA-2A1A-4CDA-A683-B2DFEF6934A7}.Release|Any CPU.ActiveCfg = Release|Any CPU
		{DA1F42BA-2A1A-4CDA-A683-B2DFEF6934A7}.Release|Any CPU.Build.0 = Release|Any CPU
		{9053D772-D983-4B8C-B585-697BD5AE3023}.Debug|Any CPU.ActiveCfg = Debug|Any CPU
		{9053D772-D983-4B8C-B585-697BD5AE3023}.Debug|Any CPU.Build.0 = Debug|Any CPU
		{9053D772-D983-4B8C-B585-697BD5AE3023}.Release|Any CPU.ActiveCfg = Release|Any CPU
		{9053D772-D983-4B8C-B585-697BD5AE3023}.Release|Any CPU.Build.0 = Release|Any CPU
		{3E36D44F-6D8D-4A23-9C27-947A497E8DF6}.Debug|Any CPU.ActiveCfg = Debug|Any CPU
		{3E36D44F-6D8D-4A23-9C27-947A497E8DF6}.Debug|Any CPU.Build.0 = Debug|Any CPU
		{3E36D44F-6D8D-4A23-9C27-947A497E8DF6}.Release|Any CPU.ActiveCfg = Release|Any CPU
		{3E36D44F-6D8D-4A23-9C27-947A497E8DF6}.Release|Any CPU.Build.0 = Release|Any CPU
		{A319B8E4-ACCC-48B5-B7B7-0B1EB4B91496}.Debug|Any CPU.ActiveCfg = Debug|Any CPU
		{A319B8E4-ACCC-48B5-B7B7-0B1EB4B91496}.Debug|Any CPU.Build.0 = Debug|Any CPU
		{A319B8E4-ACCC-48B5-B7B7-0B1EB4B91496}.Release|Any CPU.ActiveCfg = Release|Any CPU
		{A319B8E4-ACCC-48B5-B7B7-0B1EB4B91496}.Release|Any CPU.Build.0 = Release|Any CPU
	EndGlobalSection
	GlobalSection(SolutionProperties) = preSolution
		HideSolutionNode = FALSE
	EndGlobalSection
	GlobalSection(NestedProjects) = preSolution
		{D3085631-83D5-4525-B69C-DFDC47BC7F9B} = {CE90A517-8C10-46D6-83BB-2A794AB98E22}
		{5C51DB50-52FB-4B9C-8B16-B3B104FFA090} = {CE90A517-8C10-46D6-83BB-2A794AB98E22}
		{E10CC5A1-7DD9-4F43-8798-AA58882CAF6F} = {CE90A517-8C10-46D6-83BB-2A794AB98E22}
		{57206541-C1EC-442F-8C9F-FE4F76944BFF} = {CE90A517-8C10-46D6-83BB-2A794AB98E22}
		{42E362E0-9E6C-4867-88AA-CF2CC00FE1F8} = {CE90A517-8C10-46D6-83BB-2A794AB98E22}
		{B3928D3D-DEA0-4F4B-A4C8-C582A7467E6B} = {C7D816B5-7CBB-4454-98E6-39A82A481DD3}
		{B0E1F3E7-7A8D-4EE4-8DDC-9DDC0132B1FA} = {AF07D4F3-5F8C-4620-AEF6-41D2615512B7}
		{52AE096D-C7A2-4268-9865-01FC89256AE3} = {B0E1F3E7-7A8D-4EE4-8DDC-9DDC0132B1FA}
		{62DB6C31-590A-4D2C-BCA1-E4759872FF75} = {AF07D4F3-5F8C-4620-AEF6-41D2615512B7}
		{D11EA87E-41C7-4E46-AADB-D02E5D875F42} = {62DB6C31-590A-4D2C-BCA1-E4759872FF75}
		{896DFE4E-96EC-44C0-8B05-4ED2A460F725} = {62DB6C31-590A-4D2C-BCA1-E4759872FF75}
		{88EDC90C-ABCE-49CA-BAA7-BC2D5E5DD15F} = {62DB6C31-590A-4D2C-BCA1-E4759872FF75}
		{DA1F42BA-2A1A-4CDA-A683-B2DFEF6934A7} = {62DB6C31-590A-4D2C-BCA1-E4759872FF75}
		{9053D772-D983-4B8C-B585-697BD5AE3023} = {62DB6C31-590A-4D2C-BCA1-E4759872FF75}
		{3E36D44F-6D8D-4A23-9C27-947A497E8DF6} = {C7D816B5-7CBB-4454-98E6-39A82A481DD3}
		{BAAEC146-8EF6-415B-945E-E4ECD6C848FD} = {AF07D4F3-5F8C-4620-AEF6-41D2615512B7}
		{A319B8E4-ACCC-48B5-B7B7-0B1EB4B91496} = {BAAEC146-8EF6-415B-945E-E4ECD6C848FD}
	EndGlobalSection
EndGlobal
